
Microsoft Visual Studio Solution File, Format Version 12.00
# Visual Studio Version 16
VisualStudioVersion = 16.0.29123.88
MinimumVisualStudioVersion = 10.0.40219.1
Project("{8BC9CEB8-8B4A-11D0-8D11-00A0C91BC942}") = "3_zadacha_zachet", "3_zadacha_zachet\3_zadacha_zachet.vcxproj", "{7A295A5D-9126-4EA2-81BF-AE6A75CA6871}"
EndProject
Global
	GlobalSection(SolutionConfigurationPlatforms) = preSolution
		Debug|x64 = Debug|x64
		Debug|x86 = Debug|x86
		Release|x64 = Release|x64
		Release|x86 = Release|x86
	EndGlobalSection
	GlobalSection(ProjectConfigurationPlatforms) = postSolution
		{7A295A5D-9126-4EA2-81BF-AE6A75CA6871}.Debug|x64.ActiveCfg = Debug|x64
		{7A295A5D-9126-4EA2-81BF-AE6A75CA6871}.Debug|x64.Build.0 = Debug|x64
		{7A295A5D-9126-4EA2-81BF-AE6A75CA6871}.Debug|x86.ActiveCfg = Debug|Win32
		{7A295A5D-9126-4EA2-81BF-AE6A75CA6871}.Debug|x86.Build.0 = Debug|Win32
		{7A295A5D-9126-4EA2-81BF-AE6A75CA6871}.Release|x64.ActiveCfg = Release|x64
		{7A295A5D-9126-4EA2-81BF-AE6A75CA6871}.Release|x64.Build.0 = Release|x64
		{7A295A5D-9126-4EA2-81BF-AE6A75CA6871}.Release|x86.ActiveCfg = Release|Win32
		{7A295A5D-9126-4EA2-81BF-AE6A75CA6871}.Release|x86.Build.0 = Release|Win32
	EndGlobalSection
	GlobalSection(SolutionProperties) = preSolution
		HideSolutionNode = FALSE
	EndGlobalSection
	GlobalSection(ExtensibilityGlobals) = postSolution
		SolutionGuid = {96D55791-57CB-40C8-AD53-1EED0CC96995}
	EndGlobalSection
EndGlobal
